// !$*UTF8*$!
{
	archiveVersion = 1;
	classes = {
	};
	objectVersion = 46;
	objects = {

/* Begin PBXBuildFile section */
		1800A6571BA80D0600DC3F2A /* ColorWheel.swift in Sources */ = {isa = PBXBuildFile; fileRef = 1800A6561BA80D0600DC3F2A /* ColorWheel.swift */; };
		18C322901BA715AD00B89232 /* FactBook.swift in Sources */ = {isa = PBXBuildFile; fileRef = 18C3228F1BA715AD00B89232 /* FactBook.swift */; };
		18E41ED41BA6D7380051769C /* AppDelegate.swift in Sources */ = {isa = PBXBuildFile; fileRef = 18E41ED31BA6D7380051769C /* AppDelegate.swift */; };
		18E41ED61BA6D7380051769C /* ViewController.swift in Sources */ = {isa = PBXBuildFile; fileRef = 18E41ED51BA6D7380051769C /* ViewController.swift */; };
		18E41ED91BA6D7380051769C /* Main.storyboard in Resources */ = {isa = PBXBuildFile; fileRef = 18E41ED71BA6D7380051769C /* Main.storyboard */; };
		18E41EDB1BA6D7380051769C /* Images.xcassets in Resources */ = {isa = PBXBuildFile; fileRef = 18E41EDA1BA6D7380051769C /* Images.xcassets */; };
		18E41EDE1BA6D7380051769C /* LaunchScreen.xib in Resources */ = {isa = PBXBuildFile; fileRef = 18E41EDC1BA6D7380051769C /* LaunchScreen.xib */; };
		18E41EEA1BA6D7380051769C /* FunFactsTests.swift in Sources */ = {isa = PBXBuildFile; fileRef = 18E41EE91BA6D7380051769C /* FunFactsTests.swift */; };
/* End PBXBuildFile section */

/* Begin PBXContainerItemProxy section */
		18E41EE41BA6D7380051769C /* PBXContainerItemProxy */ = {
			isa = PBXContainerItemProxy;
			containerPortal = 18E41EC61BA6D7380051769C /* Project object */;
			proxyType = 1;
			remoteGlobalIDString = 18E41ECD1BA6D7380051769C;
			remoteInfo = FunFacts;
		};
/* End PBXContainerItemProxy section */

/* Begin PBXFileReference section */
		1800A6561BA80D0600DC3F2A /* ColorWheel.swift */ = {isa = PBXFileReference; fileEncoding = 4; lastKnownFileType = sourcecode.swift; path = ColorWheel.swift; sourceTree = "<group>"; };
		18C3228F1BA715AD00B89232 /* FactBook.swift */ = {isa = PBXFileReference; fileEncoding = 4; lastKnownFileType = sourcecode.swift; path = FactBook.swift; sourceTree = "<group>"; };
		18E41ECE1BA6D7380051769C /* FunFacts.app */ = {isa = PBXFileReference; explicitFileType = wrapper.application; includeInIndex = 0; path = FunFacts.app; sourceTree = BUILT_PRODUCTS_DIR; };
		18E41ED21BA6D7380051769C /* Info.plist */ = {isa = PBXFileReference; lastKnownFileType = text.plist.xml; path = Info.plist; sourceTree = "<group>"; };
		18E41ED31BA6D7380051769C /* AppDelegate.swift */ = {isa = PBXFileReference; lastKnownFileType = sourcecode.swift; path = AppDelegate.swift; sourceTree = "<group>"; };
		18E41ED51BA6D7380051769C /* ViewController.swift */ = {isa = PBXFileReference; lastKnownFileType = sourcecode.swift; path = ViewController.swift; sourceTree = "<group>"; };
		18E41ED81BA6D7380051769C /* Base */ = {isa = PBXFileReference; lastKnownFileType = file.storyboard; name = Base; path = Base.lproj/Main.storyboard; sourceTree = "<group>"; };
		18E41EDA1BA6D7380051769C /* Images.xcassets */ = {isa = PBXFileReference; lastKnownFileType = folder.assetcatalog; path = Images.xcassets; sourceTree = "<group>"; };
		18E41EDD1BA6D7380051769C /* Base */ = {isa = PBXFileReference; lastKnownFileType = file.xib; name = Base; path = Base.lproj/LaunchScreen.xib; sourceTree = "<group>"; };
		18E41EE31BA6D7380051769C /* FunFactsTests.xctest */ = {isa = PBXFileReference; explicitFileType = wrapper.cfbundle; includeInIndex = 0; path = FunFactsTests.xctest; sourceTree = BUILT_PRODUCTS_DIR; };
		18E41EE81BA6D7380051769C /* Info.plist */ = {isa = PBXFileReference; lastKnownFileType = text.plist.xml; path = Info.plist; sourceTree = "<group>"; };
		18E41EE91BA6D7380051769C /* FunFactsTests.swift */ = {isa = PBXFileReference; lastKnownFileType = sourcecode.swift; path = FunFactsTests.swift; sourceTree = "<group>"; };
		18E41EF31BA6D7640051769C /* ScratchPad.playground */ = {isa = PBXFileReference; lastKnownFileType = file.playground; path = ScratchPad.playground; sourceTree = "<group>"; };
/* End PBXFileReference section */

/* Begin PBXFrameworksBuildPhase section */
		18E41ECB1BA6D7380051769C /* Frameworks */ = {
			isa = PBXFrameworksBuildPhase;
			buildActionMask = 2147483647;
			files = (
			);
			runOnlyForDeploymentPostprocessing = 0;
		};
		18E41EE01BA6D7380051769C /* Frameworks */ = {
			isa = PBXFrameworksBuildPhase;
			buildActionMask = 2147483647;
			files = (
			);
			runOnlyForDeploymentPostprocessing = 0;
		};
/* End PBXFrameworksBuildPhase section */

/* Begin PBXGroup section */
		18E41EC51BA6D7380051769C = {
			isa = PBXGroup;
			children = (
				18E41ED01BA6D7380051769C /* FunFacts */,
				18E41EF41BA6D78A0051769C /* Playgrounds */,
				18E41EE61BA6D7380051769C /* FunFactsTests */,
				18E41ECF1BA6D7380051769C /* Products */,
			);
			sourceTree = "<group>";
		};
		18E41ECF1BA6D7380051769C /* Products */ = {
			isa = PBXGroup;
			children = (
				18E41ECE1BA6D7380051769C /* FunFacts.app */,
				18E41EE31BA6D7380051769C /* FunFactsTests.xctest */,
			);
			name = Products;
			sourceTree = "<group>";
		};
		18E41ED01BA6D7380051769C /* FunFacts */ = {
			isa = PBXGroup;
			children = (
				18C3228F1BA715AD00B89232 /* FactBook.swift */,
				18E41ED31BA6D7380051769C /* AppDelegate.swift */,
				18E41ED51BA6D7380051769C /* ViewController.swift */,
				18E41ED71BA6D7380051769C /* Main.storyboard */,
				1800A6561BA80D0600DC3F2A /* ColorWheel.swift */,
				18E41EDA1BA6D7380051769C /* Images.xcassets */,
				18E41EDC1BA6D7380051769C /* LaunchScreen.xib */,
				18E41ED11BA6D7380051769C /* Supporting Files */,
			);
			path = FunFacts;
			sourceTree = "<group>";
		};
		18E41ED11BA6D7380051769C /* Supporting Files */ = {
			isa = PBXGroup;
			children = (
				18E41ED21BA6D7380051769C /* Info.plist */,
			);
			name = "Supporting Files";
			sourceTree = "<group>";
		};
		18E41EE61BA6D7380051769C /* FunFactsTests */ = {
			isa = PBXGroup;
			children = (
				18E41EE91BA6D7380051769C /* FunFactsTests.swift */,
				18E41EE71BA6D7380051769C /* Supporting Files */,
			);
			path = FunFactsTests;
			sourceTree = "<group>";
		};
		18E41EE71BA6D7380051769C /* Supporting Files */ = {
			isa = PBXGroup;
			children = (
				18E41EE81BA6D7380051769C /* Info.plist */,
			);
			name = "Supporting Files";
			sourceTree = "<group>";
		};
		18E41EF41BA6D78A0051769C /* Playgrounds */ = {
			isa = PBXGroup;
			children = (
				18E41EF31BA6D7640051769C /* ScratchPad.playground */,
			);
			name = Playgrounds;
			sourceTree = "<group>";
		};
/* End PBXGroup section */

/* Begin PBXNativeTarget section */
		18E41ECD1BA6D7380051769C /* FunFacts */ = {
			isa = PBXNativeTarget;
			buildConfigurationList = 18E41EED1BA6D7390051769C /* Build configuration list for PBXNativeTarget "FunFacts" */;
			buildPhases = (
				18E41ECA1BA6D7380051769C /* Sources */,
				18E41ECB1BA6D7380051769C /* Frameworks */,
				18E41ECC1BA6D7380051769C /* Resources */,
			);
			buildRules = (
			);
			dependencies = (
			);
			name = FunFacts;
			productName = FunFacts;
			productReference = 18E41ECE1BA6D7380051769C /* FunFacts.app */;
			productType = "com.apple.product-type.application";
		};
		18E41EE21BA6D7380051769C /* FunFactsTests */ = {
			isa = PBXNativeTarget;
			buildConfigurationList = 18E41EF01BA6D7390051769C /* Build configuration list for PBXNativeTarget "FunFactsTests" */;
			buildPhases = (
				18E41EDF1BA6D7380051769C /* Sources */,
				18E41EE01BA6D7380051769C /* Frameworks */,
				18E41EE11BA6D7380051769C /* Resources */,
			);
			buildRules = (
			);
			dependencies = (
				18E41EE51BA6D7380051769C /* PBXTargetDependency */,
			);
			name = FunFactsTests;
			productName = FunFactsTests;
			productReference = 18E41EE31BA6D7380051769C /* FunFactsTests.xctest */;
			productType = "com.apple.product-type.bundle.unit-test";
		};
/* End PBXNativeTarget section */

/* Begin PBXProject section */
		18E41EC61BA6D7380051769C /* Project object */ = {
			isa = PBXProject;
			attributes = {
				LastUpgradeCheck = 0640;
				ORGANIZATIONNAME = "吳瑞洋公司";
				TargetAttributes = {
					18E41ECD1BA6D7380051769C = {
						CreatedOnToolsVersion = 6.4;
					};
					18E41EE21BA6D7380051769C = {
						CreatedOnToolsVersion = 6.4;
						TestTargetID = 18E41ECD1BA6D7380051769C;
					};
				};
			};
			buildConfigurationList = 18E41EC91BA6D7380051769C /* Build configuration list for PBXProject "FunFacts" */;
			compatibilityVersion = "Xcode 3.2";
			developmentRegion = English;
			hasScannedForEncodings = 0;
			knownRegions = (
				en,
				Base,
			);
			mainGroup = 18E41EC51BA6D7380051769C;
			productRefGroup = 18E41ECF1BA6D7380051769C /* Products */;
			projectDirPath = "";
			projectRoot = "";
			targets = (
				18E41ECD1BA6D7380051769C /* FunFacts */,
				18E41EE21BA6D7380051769C /* FunFactsTests */,
			);
		};
/* End PBXProject section */

/* Begin PBXResourcesBuildPhase section */
		18E41ECC1BA6D7380051769C /* Resources */ = {
			isa = PBXResourcesBuildPhase;
			buildActionMask = 2147483647;
			files = (
				18E41ED91BA6D7380051769C /* Main.storyboard in Resources */,
				18E41EDE1BA6D7380051769C /* LaunchScreen.xib in Resources */,
				18E41EDB1BA6D7380051769C /* Images.xcassets in Resources */,
			);
			runOnlyForDeploymentPostprocessing = 0;
		};
		18E41EE11BA6D7380051769C /* Resources */ = {
			isa = PBXResourcesBuildPhase;
			buildActionMask = 2147483647;
			files = (
			);
			runOnlyForDeploymentPostprocessing = 0;
		};
/* End PBXResourcesBuildPhase section */

/* Begin PBXSourcesBuildPhase section */
		18E41ECA1BA6D7380051769C /* Sources */ = {
			isa = PBXSourcesBuildPhase;
			buildActionMask = 2147483647;
			files = (
				18C322901BA715AD00B89232 /* FactBook.swift in Sources */,
				18E41ED61BA6D7380051769C /* ViewController.swift in Sources */,
				18E41ED41BA6D7380051769C /* AppDelegate.swift in Sources */,
				1800A6571BA80D0600DC3F2A /* ColorWheel.swift in Sources */,
			);
			runOnlyForDeploymentPostprocessing = 0;
		};
		18E41EDF1BA6D7380051769C /* Sources */ = {
			isa = PBXSourcesBuildPhase;
			buildActionMask = 2147483647;
			files = (
				18E41EEA1BA6D7380051769C /* FunFactsTests.swift in Sources */,
			);
			runOnlyForDeploymentPostprocessing = 0;
		};
/* End PBXSourcesBuildPhase section */

/* Begin PBXTargetDependency section */
		18E41EE51BA6D7380051769C /* PBXTargetDependency */ = {
			isa = PBXTargetDependency;
			target = 18E41ECD1BA6D7380051769C /* FunFacts */;
			targetProxy = 18E41EE41BA6D7380051769C /* PBXContainerItemProxy */;
		};
/* End PBXTargetDependency section */

/* Begin PBXVariantGroup section */
		18E41ED71BA6D7380051769C /* Main.storyboard */ = {
			isa = PBXVariantGroup;
			children = (
				18E41ED81BA6D7380051769C /* Base */,
			);
			name = Main.storyboard;
			sourceTree = "<group>";
		};
		18E41EDC1BA6D7380051769C /* LaunchScreen.xib */ = {
			isa = PBXVariantGroup;
			children = (
				18E41EDD1BA6D7380051769C /* Base */,
			);
			name = LaunchScreen.xib;
			sourceTree = "<group>";
		};
/* End PBXVariantGroup section */

/* Begin XCBuildConfiguration section */
		18E41EEB1BA6D7390051769C /* Debug */ = {
			isa = XCBuildConfiguration;
			buildSettings = {
				ALWAYS_SEARCH_USER_PATHS = NO;
				CLANG_CXX_LANGUAGE_STANDARD = "gnu++0x";
				CLANG_CXX_LIBRARY = "libc++";
				CLANG_ENABLE_MODULES = YES;
				CLANG_ENABLE_OBJC_ARC = YES;
				CLANG_WARN_BOOL_CONVERSION = YES;
				CLANG_WARN_CONSTANT_CONVERSION = YES;
				CLANG_WARN_DIRECT_OBJC_ISA_USAGE = YES_ERROR;
				CLANG_WARN_EMPTY_BODY = YES;
				CLANG_WARN_ENUM_CONVERSION = YES;
				CLANG_WARN_INT_CONVERSION = YES;
				CLANG_WARN_OBJC_ROOT_CLASS = YES_ERROR;
				CLANG_WARN_UNREACHABLE_CODE = YES;
				CLANG_WARN__DUPLICATE_METHOD_MATCH = YES;
				"CODE_SIGN_IDENTITY[sdk=iphoneos*]" = "iPhone Developer";
				COPY_PHASE_STRIP = NO;
				DEBUG_INFORMATION_FORMAT = "dwarf-with-dsym";
				ENABLE_STRICT_OBJC_MSGSEND = YES;
				GCC_C_LANGUAGE_STANDARD = gnu99;
				GCC_DYNAMIC_NO_PIC = NO;
				GCC_NO_COMMON_BLOCKS = YES;
				GCC_OPTIMIZATION_LEVEL = 0;
				GCC_PREPROCESSOR_DEFINITIONS = (
					"DEBUG=1",
					"$(inherited)",
				);
				GCC_SYMBOLS_PRIVATE_EXTERN = NO;
				GCC_WARN_64_TO_32_BIT_CONVERSION = YES;
				GCC_WARN_ABOUT_RETURN_TYPE = YES_ERROR;
				GCC_WARN_UNDECLARED_SELECTOR = YES;
				GCC_WARN_UNINITIALIZED_AUTOS = YES_AGGRESSIVE;
				GCC_WARN_UNUSED_FUNCTION = YES;
				GCC_WARN_UNUSED_VARIABLE = YES;
				IPHONEOS_DEPLOYMENT_TARGET = 8.4;
				MTL_ENABLE_DEBUG_INFO = YES;
				ONLY_ACTIVE_ARCH = YES;
				SDKROOT = iphoneos;
				SWIFT_OPTIMIZATION_LEVEL = "-Onone";
			};
			name = Debug;
		};
		18E41EEC1BA6D7390051769C /* Release */ = {
			isa = XCBuildConfiguration;
			buildSettings = {
				ALWAYS_SEARCH_USER_PATHS = NO;
				CLANG_CXX_LANGUAGE_STANDARD = "gnu++0x";
				CLANG_CXX_LIBRARY = "libc++";
				CLANG_ENABLE_MODULES = YES;
				CLANG_ENABLE_OBJC_ARC = YES;
				CLANG_WARN_BOOL_CONVERSION = YES;
				CLANG_WARN_CONSTANT_CONVERSION = YES;
				CLANG_WARN_DIRECT_OBJC_ISA_USAGE = YES_ERROR;
				CLANG_WARN_EMPTY_BODY = YES;
				CLANG_WARN_ENUM_CONVERSION = YES;
				CLANG_WARN_INT_CONVERSION = YES;
				CLANG_WARN_OBJC_ROOT_CLASS = YES_ERROR;
				CLANG_WARN_UNREACHABLE_CODE = YES;
				CLANG_WARN__DUPLICATE_METHOD_MATCH = YES;
				"CODE_SIGN_IDENTITY[sdk=iphoneos*]" = "iPhone Developer";
				COPY_PHASE_STRIP = NO;
				DEBUG_INFORMATION_FORMAT = "dwarf-with-dsym";
				ENABLE_NS_ASSERTIONS = NO;
				ENABLE_STRICT_OBJC_MSGSEND = YES;
				GCC_C_LANGUAGE_STANDARD = gnu99;
				GCC_NO_COMMON_BLOCKS = YES;
				GCC_WARN_64_TO_32_BIT_CONVERSION = YES;
				GCC_WARN_ABOUT_RETURN_TYPE = YES_ERROR;
				GCC_WARN_UNDECLARED_SELECTOR = YES;
				GCC_WARN_UNINITIALIZED_AUTOS = YES_AGGRESSIVE;
				GCC_WARN_UNUSED_FUNCTION = YES;
				GCC_WARN_UNUSED_VARIABLE = YES;
				IPHONEOS_DEPLOYMENT_TARGET = 8.4;
				MTL_ENABLE_DEBUG_INFO = NO;
				SDKROOT = iphoneos;
				VALIDATE_PRODUCT = YES;
			};
			name = Release;
		};
		18E41EEE1BA6D7390051769C /* Debug */ = {
			isa = XCBuildConfiguration;
			buildSettings = {
				ASSETCATALOG_COMPILER_APPICON_NAME = AppIcon;
				INFOPLIST_FILE = FunFacts/Info.plist;
				LD_RUNPATH_SEARCH_PATHS = "$(inherited) @executable_path/Frameworks";
				PRODUCT_NAME = "$(TARGET_NAME)";
			};
			name = Debug;
		};
		18E41EEF1BA6D7390051769C /* Release */ = {
			isa = XCBuildConfiguration;
			buildSettings = {
				ASSETCATALOG_COMPILER_APPICON_NAME = AppIcon;
				INFOPLIST_FILE = FunFacts/Info.plist;
				LD_RUNPATH_SEARCH_PATHS = "$(inherited) @executable_path/Frameworks";
				PRODUCT_NAME = "$(TARGET_NAME)";
			};
			name = Release;
		};
		18E41EF11BA6D7390051769C /* Debug */ = {
			isa = XCBuildConfiguration;
			buildSettings = {
				BUNDLE_LOADER = "$(TEST_HOST)";
				FRAMEWORK_SEARCH_PATHS = (
					"$(SDKROOT)/Developer/Library/Frameworks",
					"$(inherited)",
				);
				GCC_PREPROCESSOR_DEFINITIONS = (
					"DEBUG=1",
					"$(inherited)",
				);
				INFOPLIST_FILE = FunFactsTests/Info.plist;
				LD_RUNPATH_SEARCH_PATHS = "$(inherited) @executable_path/Frameworks @loader_path/Frameworks";
				PRODUCT_NAME = "$(TARGET_NAME)";
				TEST_HOST = "$(BUILT_PRODUCTS_DIR)/FunFacts.app/FunFacts";
			};
			name = Debug;
		};
		18E41EF21BA6D7390051769C /* Release */ = {
			isa = XCBuildConfiguration;
			buildSettings = {
				BUNDLE_LOADER = "$(TEST_HOST)";
				FRAMEWORK_SEARCH_PATHS = (
					"$(SDKROOT)/Developer/Library/Frameworks",
					"$(inherited)",
				);
				INFOPLIST_FILE = FunFactsTests/Info.plist;
				LD_RUNPATH_SEARCH_PATHS = "$(inherited) @executable_path/Frameworks @loader_path/Frameworks";
				PRODUCT_NAME = "$(TARGET_NAME)";
				TEST_HOST = "$(BUILT_PRODUCTS_DIR)/FunFacts.app/FunFacts";
			};
			name = Release;
		};
/* End XCBuildConfiguration section */

/* Begin XCConfigurationList section */
		18E41EC91BA6D7380051769C /* Build configuration list for PBXProject "FunFacts" */ = {
			isa = XCConfigurationList;
			buildConfigurations = (
				18E41EEB1BA6D7390051769C /* Debug */,
				18E41EEC1BA6D7390051769C /* Release */,
			);
			defaultConfigurationIsVisible = 0;
			defaultConfigurationName = Release;
		};
		18E41EED1BA6D7390051769C /* Build configuration list for PBXNativeTarget "FunFacts" */ = {
			isa = XCConfigurationList;
			buildConfigurations = (
				18E41EEE1BA6D7390051769C /* Debug */,
				18E41EEF1BA6D7390051769C /* Release */,
			);
			defaultConfigurationIsVisible = 0;
			defaultConfigurationName = Release;
		};
		18E41EF01BA6D7390051769C /* Build configuration list for PBXNativeTarget "FunFactsTests" */ = {
			isa = XCConfigurationList;
			buildConfigurations = (
				18E41EF11BA6D7390051769C /* Debug */,
				18E41EF21BA6D7390051769C /* Release */,
			);
			defaultConfigurationIsVisible = 0;
			defaultConfigurationName = Release;
		};
/* End XCConfigurationList section */
	};
	rootObject = 18E41EC61BA6D7380051769C /* Project object */;
}
